
Microsoft Visual Studio Solution File, Format Version 12.00
# Visual Studio Version 17
VisualStudioVersion = 17.2.32526.322
MinimumVisualStudioVersion = 10.0.40219.1
Project("{9A19103F-16F7-4668-BE54-9A1E7A4F7556}") = "DotNetTutorial", "DotNetTutorial.csproj", "{26390D1C-CF1F-4770-890C-A362F58D5A9C}"
EndProject
Project("{9A19103F-16F7-4668-BE54-9A1E7A4F7556}") = "TodoAPI", "..\TodoAPI\TodoAPI.csproj", "{D141DD4E-33AE-445A-A814-64D6381DB038}"
EndProject
Project("{FAE04EC0-301F-11D3-BF4B-00C04F79EFBC}") = "ObserverPattern", "..\ObserverPattern\ObserverPattern.csproj", "{3372D666-AC38-4EF8-8D83-D0679BFB08E3}"
EndProject
Global
	GlobalSection(SolutionConfigurationPlatforms) = preSolution
		Debug|Any CPU = Debug|Any CPU
		Release|Any CPU = Release|Any CPU
	EndGlobalSection
	GlobalSection(ProjectConfigurationPlatforms) = postSolution
		{26390D1C-CF1F-4770-890C-A362F58D5A9C}.Debug|Any CPU.ActiveCfg = Debug|Any CPU
		{26390D1C-CF1F-4770-890C-A362F58D5A9C}.Debug|Any CPU.Build.0 = Debug|Any CPU
		{26390D1C-CF1F-4770-890C-A362F58D5A9C}.Release|Any CPU.ActiveCfg = Release|Any CPU
		{26390D1C-CF1F-4770-890C-A362F58D5A9C}.Release|Any CPU.Build.0 = Release|Any CPU
		{D141DD4E-33AE-445A-A814-64D6381DB038}.Debug|Any CPU.ActiveCfg = Debug|Any CPU
		{D141DD4E-33AE-445A-A814-64D6381DB038}.Debug|Any CPU.Build.0 = Debug|Any CPU
		{D141DD4E-33AE-445A-A814-64D6381DB038}.Release|Any CPU.ActiveCfg = Release|Any CPU
		{D141DD4E-33AE-445A-A814-64D6381DB038}.Release|Any CPU.Build.0 = Release|Any CPU
		{3372D666-AC38-4EF8-8D83-D0679BFB08E3}.Debug|Any CPU.ActiveCfg = Debug|Any CPU
		{3372D666-AC38-4EF8-8D83-D0679BFB08E3}.Debug|Any CPU.Build.0 = Debug|Any CPU
		{3372D666-AC38-4EF8-8D83-D0679BFB08E3}.Release|Any CPU.ActiveCfg = Release|Any CPU
		{3372D666-AC38-4EF8-8D83-D0679BFB08E3}.Release|Any CPU.Build.0 = Release|Any CPU
	EndGlobalSection
	GlobalSection(SolutionProperties) = preSolution
		HideSolutionNode = FALSE
	EndGlobalSection
	GlobalSection(ExtensibilityGlobals) = postSolution
		SolutionGuid = {2A017D5A-479D-46AA-8BED-C71514A0FADD}
	EndGlobalSection
EndGlobal
